
Microsoft Visual Studio Solution File, Format Version 12.00
# Visual Studio Version 16
VisualStudioVersion = 16.0.32228.343
MinimumVisualStudioVersion = 10.0.40219.1
Project("{159641D6-6404-4A2A-AE62-294DE0FE8301}") = "FioDio", "FioDio\FioDio.dtproj", "{F81273EF-7C50-47DE-A64A-71BEE040D5C9}"
EndProject
Global
	GlobalSection(SolutionConfigurationPlatforms) = preSolution
		Development|Default = Development|Default
	EndGlobalSection
	GlobalSection(ProjectConfigurationPlatforms) = postSolution
		{F81273EF-7C50-47DE-A64A-71BEE040D5C9}.Development|Default.ActiveCfg = Development
		{F81273EF-7C50-47DE-A64A-71BEE040D5C9}.Development|Default.Build.0 = Development
	EndGlobalSection
	GlobalSection(SolutionProperties) = preSolution
		HideSolutionNode = FALSE
	EndGlobalSection
	GlobalSection(ExtensibilityGlobals) = postSolution
		SolutionGuid = {6F034756-9755-451D-A068-071F7A2EC073}
	EndGlobalSection
EndGlobal
